// !$*UTF8*$!
{
	archiveVersion = 1;
	classes = {
	};
	objectVersion = 46;
	objects = {

/* Begin PBXBuildFile section */
		0E3F104A189E4CA60094FFE0 /* b.png in Resources */ = {isa = PBXBuildFile; fileRef = 0E3F1047189E4CA60094FFE0 /* b.png */; };
		0E3F104B189E4CA60094FFE0 /* c.png in Resources */ = {isa = PBXBuildFile; fileRef = 0E3F1048189E4CA60094FFE0 /* c.png */; };
		0E3F104C189E4CA60094FFE0 /* a.png in Resources */ = {isa = PBXBuildFile; fileRef = 0E3F1049189E4CA60094FFE0 /* a.png */; };
		0E3F104F189E52290094FFE0 /* detailViewController.m in Sources */ = {isa = PBXBuildFile; fileRef = 0E3F104E189E52290094FFE0 /* detailViewController.m */; };
		0E3F1052189E74430094FFE0 /* stampViewController.m in Sources */ = {isa = PBXBuildFile; fileRef = 0E3F1051189E74430094FFE0 /* stampViewController.m */; };
		0E3F1055189E7EC70094FFE0 /* cafeDataModel.xcdatamodeld in Sources */ = {isa = PBXBuildFile; fileRef = 0E3F1053189E7EC70094FFE0 /* cafeDataModel.xcdatamodeld */; };
		0E3F1057189E80070094FFE0 /* CoreData.framework in Frameworks */ = {isa = PBXBuildFile; fileRef = 0E3F1056189E80070094FFE0 /* CoreData.framework */; };
		0E3F1059189E82950094FFE0 /* costa.jpeg in Resources */ = {isa = PBXBuildFile; fileRef = 0E3F1058189E82950094FFE0 /* costa.jpeg */; };
		0E3F105B189E829A0094FFE0 /* cafeNero.jpeg in Resources */ = {isa = PBXBuildFile; fileRef = 0E3F105A189E829A0094FFE0 /* cafeNero.jpeg */; };
		0E3F105D189E82A00094FFE0 /* starbucks.jpeg in Resources */ = {isa = PBXBuildFile; fileRef = 0E3F105C189E82A00094FFE0 /* starbucks.jpeg */; };
		0EBC7637189BC6B90033CD64 /* Foundation.framework in Frameworks */ = {isa = PBXBuildFile; fileRef = 0EBC7636189BC6B90033CD64 /* Foundation.framework */; };
		0EBC7639189BC6B90033CD64 /* CoreGraphics.framework in Frameworks */ = {isa = PBXBuildFile; fileRef = 0EBC7638189BC6B90033CD64 /* CoreGraphics.framework */; };
		0EBC763B189BC6B90033CD64 /* UIKit.framework in Frameworks */ = {isa = PBXBuildFile; fileRef = 0EBC763A189BC6B90033CD64 /* UIKit.framework */; };
		0EBC7641189BC6B90033CD64 /* InfoPlist.strings in Resources */ = {isa = PBXBuildFile; fileRef = 0EBC763F189BC6B90033CD64 /* InfoPlist.strings */; };
		0EBC7643189BC6B90033CD64 /* main.m in Sources */ = {isa = PBXBuildFile; fileRef = 0EBC7642189BC6B90033CD64 /* main.m */; };
		0EBC7647189BC6B90033CD64 /* taoAppDelegate.m in Sources */ = {isa = PBXBuildFile; fileRef = 0EBC7646189BC6B90033CD64 /* taoAppDelegate.m */; };
		0EBC764A189BC6B90033CD64 /* Main_iPhone.storyboard in Resources */ = {isa = PBXBuildFile; fileRef = 0EBC7648189BC6B90033CD64 /* Main_iPhone.storyboard */; };
		0EBC764D189BC6B90033CD64 /* Main_iPad.storyboard in Resources */ = {isa = PBXBuildFile; fileRef = 0EBC764B189BC6B90033CD64 /* Main_iPad.storyboard */; };
		0EBC7652189BC6B90033CD64 /* Images.xcassets in Resources */ = {isa = PBXBuildFile; fileRef = 0EBC7651189BC6B90033CD64 /* Images.xcassets */; };
		0EBC7659189BC6B90033CD64 /* XCTest.framework in Frameworks */ = {isa = PBXBuildFile; fileRef = 0EBC7658189BC6B90033CD64 /* XCTest.framework */; };
		0EBC765A189BC6B90033CD64 /* Foundation.framework in Frameworks */ = {isa = PBXBuildFile; fileRef = 0EBC7636189BC6B90033CD64 /* Foundation.framework */; };
		0EBC765B189BC6B90033CD64 /* UIKit.framework in Frameworks */ = {isa = PBXBuildFile; fileRef = 0EBC763A189BC6B90033CD64 /* UIKit.framework */; };
		0EBC7663189BC6B90033CD64 /* InfoPlist.strings in Resources */ = {isa = PBXBuildFile; fileRef = 0EBC7661189BC6B90033CD64 /* InfoPlist.strings */; };
		0EBC7665189BC6B90033CD64 /* loyalTeaTests.m in Sources */ = {isa = PBXBuildFile; fileRef = 0EBC7664189BC6B90033CD64 /* loyalTeaTests.m */; };
		0EBC766F189BD61E0033CD64 /* stamp_3.jpg in Resources */ = {isa = PBXBuildFile; fileRef = 0EBC766E189BD61E0033CD64 /* stamp_3.jpg */; };
		0EBC7672189BDAEF0033CD64 /* CafeViewController.m in Sources */ = {isa = PBXBuildFile; fileRef = 0EBC7671189BDAEF0033CD64 /* CafeViewController.m */; };
		0EDF4A8318A0E5EB00703725 /* MagicalImportFunctions.m in Sources */ = {isa = PBXBuildFile; fileRef = 0EDF4A4A18A0E5EB00703725 /* MagicalImportFunctions.m */; };
		0EDF4A8418A0E5EB00703725 /* NSAttributeDescription+MagicalDataImport.m in Sources */ = {isa = PBXBuildFile; fileRef = 0EDF4A4C18A0E5EB00703725 /* NSAttributeDescription+MagicalDataImport.m */; };
		0EDF4A8518A0E5EB00703725 /* NSEntityDescription+MagicalDataImport.m in Sources */ = {isa = PBXBuildFile; fileRef = 0EDF4A4E18A0E5EB00703725 /* NSEntityDescription+MagicalDataImport.m */; };
		0EDF4A8618A0E5EB00703725 /* NSNumber+MagicalDataImport.m in Sources */ = {isa = PBXBuildFile; fileRef = 0EDF4A5018A0E5EB00703725 /* NSNumber+MagicalDataImport.m */; };
		0EDF4A8718A0E5EB00703725 /* NSObject+MagicalDataImport.m in Sources */ = {isa = PBXBuildFile; fileRef = 0EDF4A5218A0E5EB00703725 /* NSObject+MagicalDataImport.m */; };
		0EDF4A8818A0E5EB00703725 /* NSRelationshipDescription+MagicalDataImport.m in Sources */ = {isa = PBXBuildFile; fileRef = 0EDF4A5418A0E5EB00703725 /* NSRelationshipDescription+MagicalDataImport.m */; };
		0EDF4A8918A0E5EB00703725 /* NSString+MagicalDataImport.m in Sources */ = {isa = PBXBuildFile; fileRef = 0EDF4A5618A0E5EB00703725 /* NSString+MagicalDataImport.m */; };
		0EDF4A8A18A0E5EB00703725 /* NSManagedObject+MagicalAggregation.m in Sources */ = {isa = PBXBuildFile; fileRef = 0EDF4A5918A0E5EB00703725 /* NSManagedObject+MagicalAggregation.m */; };
		0EDF4A8B18A0E5EB00703725 /* NSManagedObject+MagicalDataImport.m in Sources */ = {isa = PBXBuildFile; fileRef = 0EDF4A5B18A0E5EB00703725 /* NSManagedObject+MagicalDataImport.m */; };
		0EDF4A8C18A0E5EB00703725 /* NSManagedObject+MagicalFinders.m in Sources */ = {isa = PBXBuildFile; fileRef = 0EDF4A5D18A0E5EB00703725 /* NSManagedObject+MagicalFinders.m */; };
		0EDF4A8D18A0E5EB00703725 /* NSManagedObject+MagicalRecord.m in Sources */ = {isa = PBXBuildFile; fileRef = 0EDF4A5F18A0E5EB00703725 /* NSManagedObject+MagicalRecord.m */; };
		0EDF4A8E18A0E5EB00703725 /* NSManagedObject+MagicalRequests.m in Sources */ = {isa = PBXBuildFile; fileRef = 0EDF4A6118A0E5EB00703725 /* NSManagedObject+MagicalRequests.m */; };
		0EDF4A8F18A0E5EB00703725 /* NSManagedObjectContext+MagicalObserving.m in Sources */ = {isa = PBXBuildFile; fileRef = 0EDF4A6418A0E5EB00703725 /* NSManagedObjectContext+MagicalObserving.m */; };
		0EDF4A9018A0E5EB00703725 /* NSManagedObjectContext+MagicalRecord.m in Sources */ = {isa = PBXBuildFile; fileRef = 0EDF4A6618A0E5EB00703725 /* NSManagedObjectContext+MagicalRecord.m */; };
		0EDF4A9118A0E5EB00703725 /* NSManagedObjectContext+MagicalSaves.m in Sources */ = {isa = PBXBuildFile; fileRef = 0EDF4A6818A0E5EB00703725 /* NSManagedObjectContext+MagicalSaves.m */; };
		0EDF4A9218A0E5EB00703725 /* NSManagedObjectContext+MagicalThreading.m in Sources */ = {isa = PBXBuildFile; fileRef = 0EDF4A6A18A0E5EB00703725 /* NSManagedObjectContext+MagicalThreading.m */; };
		0EDF4A9318A0E5EB00703725 /* NSManagedObjectModel+MagicalRecord.m in Sources */ = {isa = PBXBuildFile; fileRef = 0EDF4A6C18A0E5EB00703725 /* NSManagedObjectModel+MagicalRecord.m */; };
		0EDF4A9418A0E5EB00703725 /* NSPersistentStore+MagicalRecord.m in Sources */ = {isa = PBXBuildFile; fileRef = 0EDF4A6E18A0E5EB00703725 /* NSPersistentStore+MagicalRecord.m */; };
		0EDF4A9518A0E5EB00703725 /* NSPersistentStoreCoordinator+MagicalRecord.m in Sources */ = {isa = PBXBuildFile; fileRef = 0EDF4A7018A0E5EB00703725 /* NSPersistentStoreCoordinator+MagicalRecord.m */; };
		0EDF4A9618A0E5EB00703725 /* MagicalRecord+Actions.m in Sources */ = {isa = PBXBuildFile; fileRef = 0EDF4A7318A0E5EB00703725 /* MagicalRecord+Actions.m */; };
		0EDF4A9718A0E5EB00703725 /* MagicalRecord+ErrorHandling.m in Sources */ = {isa = PBXBuildFile; fileRef = 0EDF4A7518A0E5EB00703725 /* MagicalRecord+ErrorHandling.m */; };
		0EDF4A9818A0E5EB00703725 /* MagicalRecord+iCloud.m in Sources */ = {isa = PBXBuildFile; fileRef = 0EDF4A7718A0E5EB00703725 /* MagicalRecord+iCloud.m */; };
		0EDF4A9918A0E5EB00703725 /* MagicalRecord+Options.m in Sources */ = {isa = PBXBuildFile; fileRef = 0EDF4A7918A0E5EB00703725 /* MagicalRecord+Options.m */; };
		0EDF4A9A18A0E5EB00703725 /* MagicalRecord+Setup.m in Sources */ = {isa = PBXBuildFile; fileRef = 0EDF4A7B18A0E5EB00703725 /* MagicalRecord+Setup.m */; };
		0EDF4A9B18A0E5EB00703725 /* MagicalRecord+ShorthandSupport.m in Sources */ = {isa = PBXBuildFile; fileRef = 0EDF4A7D18A0E5EB00703725 /* MagicalRecord+ShorthandSupport.m */; };
		0EDF4A9C18A0E5EB00703725 /* MagicalRecord.m in Sources */ = {isa = PBXBuildFile; fileRef = 0EDF4A7F18A0E5EB00703725 /* MagicalRecord.m */; };
		0EDF4A9F18A0E6CB00703725 /* Cafe.m in Sources */ = {isa = PBXBuildFile; fileRef = 0EDF4A9E18A0E6CB00703725 /* Cafe.m */; };
		0EDF4AA218A1045400703725 /* stampDataModel.xcdatamodeld in Sources */ = {isa = PBXBuildFile; fileRef = 0EDF4AA018A1045400703725 /* stampDataModel.xcdatamodeld */; };
		0EDF4AA518A104D000703725 /* Stamp.m in Sources */ = {isa = PBXBuildFile; fileRef = 0EDF4AA418A104D000703725 /* Stamp.m */; };
/* End PBXBuildFile section */

/* Begin PBXContainerItemProxy section */
		0EBC765C189BC6B90033CD64 /* PBXContainerItemProxy */ = {
			isa = PBXContainerItemProxy;
			containerPortal = 0EBC762B189BC6B90033CD64 /* Project object */;
			proxyType = 1;
			remoteGlobalIDString = 0EBC7632189BC6B90033CD64;
			remoteInfo = loyalTea;
		};
/* End PBXContainerItemProxy section */

/* Begin PBXFileReference section */
		0E3F1047189E4CA60094FFE0 /* b.png */ = {isa = PBXFileReference; lastKnownFileType = image.png; path = b.png; sourceTree = "<group>"; };
		0E3F1048189E4CA60094FFE0 /* c.png */ = {isa = PBXFileReference; lastKnownFileType = image.png; path = c.png; sourceTree = "<group>"; };
		0E3F1049189E4CA60094FFE0 /* a.png */ = {isa = PBXFileReference; lastKnownFileType = image.png; path = a.png; sourceTree = "<group>"; };
		0E3F104D189E52290094FFE0 /* detailViewController.h */ = {isa = PBXFileReference; fileEncoding = 4; lastKnownFileType = sourcecode.c.h; path = detailViewController.h; sourceTree = "<group>"; };
		0E3F104E189E52290094FFE0 /* detailViewController.m */ = {isa = PBXFileReference; fileEncoding = 4; lastKnownFileType = sourcecode.c.objc; path = detailViewController.m; sourceTree = "<group>"; };
		0E3F1050189E74430094FFE0 /* stampViewController.h */ = {isa = PBXFileReference; fileEncoding = 4; lastKnownFileType = sourcecode.c.h; path = stampViewController.h; sourceTree = "<group>"; };
		0E3F1051189E74430094FFE0 /* stampViewController.m */ = {isa = PBXFileReference; fileEncoding = 4; lastKnownFileType = sourcecode.c.objc; path = stampViewController.m; sourceTree = "<group>"; };
		0E3F1054189E7EC70094FFE0 /* cafeDataModel.xcdatamodel */ = {isa = PBXFileReference; lastKnownFileType = wrapper.xcdatamodel; path = cafeDataModel.xcdatamodel; sourceTree = "<group>"; };
		0E3F1056189E80070094FFE0 /* CoreData.framework */ = {isa = PBXFileReference; lastKnownFileType = wrapper.framework; name = CoreData.framework; path = System/Library/Frameworks/CoreData.framework; sourceTree = SDKROOT; };
		0E3F1058189E82950094FFE0 /* costa.jpeg */ = {isa = PBXFileReference; lastKnownFileType = image.jpeg; path = costa.jpeg; sourceTree = "<group>"; };
		0E3F105A189E829A0094FFE0 /* cafeNero.jpeg */ = {isa = PBXFileReference; lastKnownFileType = image.jpeg; path = cafeNero.jpeg; sourceTree = "<group>"; };
		0E3F105C189E82A00094FFE0 /* starbucks.jpeg */ = {isa = PBXFileReference; lastKnownFileType = image.jpeg; path = starbucks.jpeg; sourceTree = "<group>"; };
		0EBC7633189BC6B90033CD64 /* loyalTea.app */ = {isa = PBXFileReference; explicitFileType = wrapper.application; includeInIndex = 0; path = loyalTea.app; sourceTree = BUILT_PRODUCTS_DIR; };
		0EBC7636189BC6B90033CD64 /* Foundation.framework */ = {isa = PBXFileReference; lastKnownFileType = wrapper.framework; name = Foundation.framework; path = System/Library/Frameworks/Foundation.framework; sourceTree = SDKROOT; };
		0EBC7638189BC6B90033CD64 /* CoreGraphics.framework */ = {isa = PBXFileReference; lastKnownFileType = wrapper.framework; name = CoreGraphics.framework; path = System/Library/Frameworks/CoreGraphics.framework; sourceTree = SDKROOT; };
		0EBC763A189BC6B90033CD64 /* UIKit.framework */ = {isa = PBXFileReference; lastKnownFileType = wrapper.framework; name = UIKit.framework; path = System/Library/Frameworks/UIKit.framework; sourceTree = SDKROOT; };
		0EBC763E189BC6B90033CD64 /* loyalTea-Info.plist */ = {isa = PBXFileReference; lastKnownFileType = text.plist.xml; path = "loyalTea-Info.plist"; sourceTree = "<group>"; };
		0EBC7640189BC6B90033CD64 /* en */ = {isa = PBXFileReference; lastKnownFileType = text.plist.strings; name = en; path = en.lproj/InfoPlist.strings; sourceTree = "<group>"; };
		0EBC7642189BC6B90033CD64 /* main.m */ = {isa = PBXFileReference; lastKnownFileType = sourcecode.c.objc; path = main.m; sourceTree = "<group>"; };
		0EBC7644189BC6B90033CD64 /* loyalTea-Prefix.pch */ = {isa = PBXFileReference; lastKnownFileType = sourcecode.c.h; path = "loyalTea-Prefix.pch"; sourceTree = "<group>"; };
		0EBC7645189BC6B90033CD64 /* taoAppDelegate.h */ = {isa = PBXFileReference; lastKnownFileType = sourcecode.c.h; path = taoAppDelegate.h; sourceTree = "<group>"; };
		0EBC7646189BC6B90033CD64 /* taoAppDelegate.m */ = {isa = PBXFileReference; lastKnownFileType = sourcecode.c.objc; path = taoAppDelegate.m; sourceTree = "<group>"; };
		0EBC7649189BC6B90033CD64 /* Base */ = {isa = PBXFileReference; lastKnownFileType = file.storyboard; name = Base; path = Base.lproj/Main_iPhone.storyboard; sourceTree = "<group>"; };
		0EBC764C189BC6B90033CD64 /* Base */ = {isa = PBXFileReference; lastKnownFileType = file.storyboard; name = Base; path = Base.lproj/Main_iPad.storyboard; sourceTree = "<group>"; };
		0EBC7651189BC6B90033CD64 /* Images.xcassets */ = {isa = PBXFileReference; lastKnownFileType = folder.assetcatalog; path = Images.xcassets; sourceTree = "<group>"; };
		0EBC7657189BC6B90033CD64 /* loyalTeaTests.xctest */ = {isa = PBXFileReference; explicitFileType = wrapper.cfbundle; includeInIndex = 0; path = loyalTeaTests.xctest; sourceTree = BUILT_PRODUCTS_DIR; };
		0EBC7658189BC6B90033CD64 /* XCTest.framework */ = {isa = PBXFileReference; lastKnownFileType = wrapper.framework; name = XCTest.framework; path = Library/Frameworks/XCTest.framework; sourceTree = DEVELOPER_DIR; };
		0EBC7660189BC6B90033CD64 /* loyalTeaTests-Info.plist */ = {isa = PBXFileReference; lastKnownFileType = text.plist.xml; path = "loyalTeaTests-Info.plist"; sourceTree = "<group>"; };
		0EBC7662189BC6B90033CD64 /* en */ = {isa = PBXFileReference; lastKnownFileType = text.plist.strings; name = en; path = en.lproj/InfoPlist.strings; sourceTree = "<group>"; };
		0EBC7664189BC6B90033CD64 /* loyalTeaTests.m */ = {isa = PBXFileReference; lastKnownFileType = sourcecode.c.objc; path = loyalTeaTests.m; sourceTree = "<group>"; };
		0EBC766E189BD61E0033CD64 /* stamp_3.jpg */ = {isa = PBXFileReference; lastKnownFileType = image.jpeg; path = stamp_3.jpg; sourceTree = "<group>"; };
		0EBC7670189BDAEF0033CD64 /* CafeViewController.h */ = {isa = PBXFileReference; fileEncoding = 4; lastKnownFileType = sourcecode.c.h; path = CafeViewController.h; sourceTree = "<group>"; };
		0EBC7671189BDAEF0033CD64 /* CafeViewController.m */ = {isa = PBXFileReference; fileEncoding = 4; lastKnownFileType = sourcecode.c.objc; path = CafeViewController.m; sourceTree = "<group>"; };
		0EDF4A4918A0E5EB00703725 /* MagicalImportFunctions.h */ = {isa = PBXFileReference; fileEncoding = 4; lastKnownFileType = sourcecode.c.h; path = MagicalImportFunctions.h; sourceTree = "<group>"; };
		0EDF4A4A18A0E5EB00703725 /* MagicalImportFunctions.m */ = {isa = PBXFileReference; fileEncoding = 4; lastKnownFileType = sourcecode.c.objc; path = MagicalImportFunctions.m; sourceTree = "<group>"; };
		0EDF4A4B18A0E5EB00703725 /* NSAttributeDescription+MagicalDataImport.h */ = {isa = PBXFileReference; fileEncoding = 4; lastKnownFileType = sourcecode.c.h; path = "NSAttributeDescription+MagicalDataImport.h"; sourceTree = "<group>"; };
		0EDF4A4C18A0E5EB00703725 /* NSAttributeDescription+MagicalDataImport.m */ = {isa = PBXFileReference; fileEncoding = 4; lastKnownFileType = sourcecode.c.objc; path = "NSAttributeDescription+MagicalDataImport.m"; sourceTree = "<group>"; };
		0EDF4A4D18A0E5EB00703725 /* NSEntityDescription+MagicalDataImport.h */ = {isa = PBXFileReference; fileEncoding = 4; lastKnownFileType = sourcecode.c.h; path = "NSEntityDescription+MagicalDataImport.h"; sourceTree = "<group>"; };
		0EDF4A4E18A0E5EB00703725 /* NSEntityDescription+MagicalDataImport.m */ = {isa = PBXFileReference; fileEncoding = 4; lastKnownFileType = sourcecode.c.objc; path = "NSEntityDescription+MagicalDataImport.m"; sourceTree = "<group>"; };
		0EDF4A4F18A0E5EB00703725 /* NSNumber+MagicalDataImport.h */ = {isa = PBXFileReference; fileEncoding = 4; lastKnownFileType = sourcecode.c.h; path = "NSNumber+MagicalDataImport.h"; sourceTree = "<group>"; };
		0EDF4A5018A0E5EB00703725 /* NSNumber+MagicalDataImport.m */ = {isa = PBXFileReference; fileEncoding = 4; lastKnownFileType = sourcecode.c.objc; path = "NSNumber+MagicalDataImport.m"; sourceTree = "<group>"; };
		0EDF4A5118A0E5EB00703725 /* NSObject+MagicalDataImport.h */ = {isa = PBXFileReference; fileEncoding = 4; lastKnownFileType = sourcecode.c.h; path = "NSObject+MagicalDataImport.h"; sourceTree = "<group>"; };
		0EDF4A5218A0E5EB00703725 /* NSObject+MagicalDataImport.m */ = {isa = PBXFileReference; fileEncoding = 4; lastKnownFileType = sourcecode.c.objc; path = "NSObject+MagicalDataImport.m"; sourceTree = "<group>"; };
		0EDF4A5318A0E5EB00703725 /* NSRelationshipDescription+MagicalDataImport.h */ = {isa = PBXFileReference; fileEncoding = 4; lastKnownFileType = sourcecode.c.h; path = "NSRelationshipDescription+MagicalDataImport.h"; sourceTree = "<group>"; };
		0EDF4A5418A0E5EB00703725 /* NSRelationshipDescription+MagicalDataImport.m */ = {isa = PBXFileReference; fileEncoding = 4; lastKnownFileType = sourcecode.c.objc; path = "NSRelationshipDescription+MagicalDataImport.m"; sourceTree = "<group>"; };
		0EDF4A5518A0E5EB00703725 /* NSString+MagicalDataImport.h */ = {isa = PBXFileReference; fileEncoding = 4; lastKnownFileType = sourcecode.c.h; path = "NSString+MagicalDataImport.h"; sourceTree = "<group>"; };
		0EDF4A5618A0E5EB00703725 /* NSString+MagicalDataImport.m */ = {isa = PBXFileReference; fileEncoding = 4; lastKnownFileType = sourcecode.c.objc; path = "NSString+MagicalDataImport.m"; sourceTree = "<group>"; };
		0EDF4A5818A0E5EB00703725 /* NSManagedObject+MagicalAggregation.h */ = {isa = PBXFileReference; fileEncoding = 4; lastKnownFileType = sourcecode.c.h; path = "NSManagedObject+MagicalAggregation.h"; sourceTree = "<group>"; };
		0EDF4A5918A0E5EB00703725 /* NSManagedObject+MagicalAggregation.m */ = {isa = PBXFileReference; fileEncoding = 4; lastKnownFileType = sourcecode.c.objc; path = "NSManagedObject+MagicalAggregation.m"; sourceTree = "<group>"; };
		0EDF4A5A18A0E5EB00703725 /* NSManagedObject+MagicalDataImport.h */ = {isa = PBXFileReference; fileEncoding = 4; lastKnownFileType = sourcecode.c.h; path = "NSManagedObject+MagicalDataImport.h"; sourceTree = "<group>"; };
		0EDF4A5B18A0E5EB00703725 /* NSManagedObject+MagicalDataImport.m */ = {isa = PBXFileReference; fileEncoding = 4; lastKnownFileType = sourcecode.c.objc; path = "NSManagedObject+MagicalDataImport.m"; sourceTree = "<group>"; };
		0EDF4A5C18A0E5EB00703725 /* NSManagedObject+MagicalFinders.h */ = {isa = PBXFileReference; fileEncoding = 4; lastKnownFileType = sourcecode.c.h; path = "NSManagedObject+MagicalFinders.h"; sourceTree = "<group>"; };
		0EDF4A5D18A0E5EB00703725 /* NSManagedObject+MagicalFinders.m */ = {isa = PBXFileReference; fileEncoding = 4; lastKnownFileType = sourcecode.c.objc; path = "NSManagedObject+MagicalFinders.m"; sourceTree = "<group>"; };
		0EDF4A5E18A0E5EB00703725 /* NSManagedObject+MagicalRecord.h */ = {isa = PBXFileReference; fileEncoding = 4; lastKnownFileType = sourcecode.c.h; path = "NSManagedObject+MagicalRecord.h"; sourceTree = "<group>"; };
		0EDF4A5F18A0E5EB00703725 /* NSManagedObject+MagicalRecord.m */ = {isa = PBXFileReference; fileEncoding = 4; lastKnownFileType = sourcecode.c.objc; path = "NSManagedObject+MagicalRecord.m"; sourceTree = "<group>"; };
		0EDF4A6018A0E5EB00703725 /* NSManagedObject+MagicalRequests.h */ = {isa = PBXFileReference; fileEncoding = 4; lastKnownFileType = sourcecode.c.h; path = "NSManagedObject+MagicalRequests.h"; sourceTree = "<group>"; };
		0EDF4A6118A0E5EB00703725 /* NSManagedObject+MagicalRequests.m */ = {isa = PBXFileReference; fileEncoding = 4; lastKnownFileType = sourcecode.c.objc; path = "NSManagedObject+MagicalRequests.m"; sourceTree = "<group>"; };
		0EDF4A6318A0E5EB00703725 /* NSManagedObjectContext+MagicalObserving.h */ = {isa = PBXFileReference; fileEncoding = 4; lastKnownFileType = sourcecode.c.h; path = "NSManagedObjectContext+MagicalObserving.h"; sourceTree = "<group>"; };
		0EDF4A6418A0E5EB00703725 /* NSManagedObjectContext+MagicalObserving.m */ = {isa = PBXFileReference; fileEncoding = 4; lastKnownFileType = sourcecode.c.objc; path = "NSManagedObjectContext+MagicalObserving.m"; sourceTree = "<group>"; };
		0EDF4A6518A0E5EB00703725 /* NSManagedObjectContext+MagicalRecord.h */ = {isa = PBXFileReference; fileEncoding = 4; lastKnownFileType = sourcecode.c.h; path = "NSManagedObjectContext+MagicalRecord.h"; sourceTree = "<group>"; };
		0EDF4A6618A0E5EB00703725 /* NSManagedObjectContext+MagicalRecord.m */ = {isa = PBXFileReference; fileEncoding = 4; lastKnownFileType = sourcecode.c.objc; path = "NSManagedObjectContext+MagicalRecord.m"; sourceTree = "<group>"; };
		0EDF4A6718A0E5EB00703725 /* NSManagedObjectContext+MagicalSaves.h */ = {isa = PBXFileReference; fileEncoding = 4; lastKnownFileType = sourcecode.c.h; path = "NSManagedObjectContext+MagicalSaves.h"; sourceTree = "<group>"; };
		0EDF4A6818A0E5EB00703725 /* NSManagedObjectContext+MagicalSaves.m */ = {isa = PBXFileReference; fileEncoding = 4; lastKnownFileType = sourcecode.c.objc; path = "NSManagedObjectContext+MagicalSaves.m"; sourceTree = "<group>"; };
		0EDF4A6918A0E5EB00703725 /* NSManagedObjectContext+MagicalThreading.h */ = {isa = PBXFileReference; fileEncoding = 4; lastKnownFileType = sourcecode.c.h; path = "NSManagedObjectContext+MagicalThreading.h"; sourceTree = "<group>"; };
		0EDF4A6A18A0E5EB00703725 /* NSManagedObjectContext+MagicalThreading.m */ = {isa = PBXFileReference; fileEncoding = 4; lastKnownFileType = sourcecode.c.objc; path = "NSManagedObjectContext+MagicalThreading.m"; sourceTree = "<group>"; };
		0EDF4A6B18A0E5EB00703725 /* NSManagedObjectModel+MagicalRecord.h */ = {isa = PBXFileReference; fileEncoding = 4; lastKnownFileType = sourcecode.c.h; path = "NSManagedObjectModel+MagicalRecord.h"; sourceTree = "<group>"; };
		0EDF4A6C18A0E5EB00703725 /* NSManagedObjectModel+MagicalRecord.m */ = {isa = PBXFileReference; fileEncoding = 4; lastKnownFileType = sourcecode.c.objc; path = "NSManagedObjectModel+MagicalRecord.m"; sourceTree = "<group>"; };
		0EDF4A6D18A0E5EB00703725 /* NSPersistentStore+MagicalRecord.h */ = {isa = PBXFileReference; fileEncoding = 4; lastKnownFileType = sourcecode.c.h; path = "NSPersistentStore+MagicalRecord.h"; sourceTree = "<group>"; };
		0EDF4A6E18A0E5EB00703725 /* NSPersistentStore+MagicalRecord.m */ = {isa = PBXFileReference; fileEncoding = 4; lastKnownFileType = sourcecode.c.objc; path = "NSPersistentStore+MagicalRecord.m"; sourceTree = "<group>"; };
		0EDF4A6F18A0E5EB00703725 /* NSPersistentStoreCoordinator+MagicalRecord.h */ = {isa = PBXFileReference; fileEncoding = 4; lastKnownFileType = sourcecode.c.h; path = "NSPersistentStoreCoordinator+MagicalRecord.h"; sourceTree = "<group>"; };
		0EDF4A7018A0E5EB00703725 /* NSPersistentStoreCoordinator+MagicalRecord.m */ = {isa = PBXFileReference; fileEncoding = 4; lastKnownFileType = sourcecode.c.objc; path = "NSPersistentStoreCoordinator+MagicalRecord.m"; sourceTree = "<group>"; };
		0EDF4A7218A0E5EB00703725 /* MagicalRecord+Actions.h */ = {isa = PBXFileReference; fileEncoding = 4; lastKnownFileType = sourcecode.c.h; path = "MagicalRecord+Actions.h"; sourceTree = "<group>"; };
		0EDF4A7318A0E5EB00703725 /* MagicalRecord+Actions.m */ = {isa = PBXFileReference; fileEncoding = 4; lastKnownFileType = sourcecode.c.objc; path = "MagicalRecord+Actions.m"; sourceTree = "<group>"; };
		0EDF4A7418A0E5EB00703725 /* MagicalRecord+ErrorHandling.h */ = {isa = PBXFileReference; fileEncoding = 4; lastKnownFileType = sourcecode.c.h; path = "MagicalRecord+ErrorHandling.h"; sourceTree = "<group>"; };
		0EDF4A7518A0E5EB00703725 /* MagicalRecord+ErrorHandling.m */ = {isa = PBXFileReference; fileEncoding = 4; lastKnownFileType = sourcecode.c.objc; path = "MagicalRecord+ErrorHandling.m"; sourceTree = "<group>"; };
		0EDF4A7618A0E5EB00703725 /* MagicalRecord+iCloud.h */ = {isa = PBXFileReference; fileEncoding = 4; lastKnownFileType = sourcecode.c.h; path = "MagicalRecord+iCloud.h"; sourceTree = "<group>"; };
		0EDF4A7718A0E5EB00703725 /* MagicalRecord+iCloud.m */ = {isa = PBXFileReference; fileEncoding = 4; lastKnownFileType = sourcecode.c.objc; path = "MagicalRecord+iCloud.m"; sourceTree = "<group>"; };
		0EDF4A7818A0E5EB00703725 /* MagicalRecord+Options.h */ = {isa = PBXFileReference; fileEncoding = 4; lastKnownFileType = sourcecode.c.h; path = "MagicalRecord+Options.h"; sourceTree = "<group>"; };
		0EDF4A7918A0E5EB00703725 /* MagicalRecord+Options.m */ = {isa = PBXFileReference; fileEncoding = 4; lastKnownFileType = sourcecode.c.objc; path = "MagicalRecord+Options.m"; sourceTree = "<group>"; };
		0EDF4A7A18A0E5EB00703725 /* MagicalRecord+Setup.h */ = {isa = PBXFileReference; fileEncoding = 4; lastKnownFileType = sourcecode.c.h; path = "MagicalRecord+Setup.h"; sourceTree = "<group>"; };
		0EDF4A7B18A0E5EB00703725 /* MagicalRecord+Setup.m */ = {isa = PBXFileReference; fileEncoding = 4; lastKnownFileType = sourcecode.c.objc; path = "MagicalRecord+Setup.m"; sourceTree = "<group>"; };
		0EDF4A7C18A0E5EB00703725 /* MagicalRecord+ShorthandSupport.h */ = {isa = PBXFileReference; fileEncoding = 4; lastKnownFileType = sourcecode.c.h; path = "MagicalRecord+ShorthandSupport.h"; sourceTree = "<group>"; };
		0EDF4A7D18A0E5EB00703725 /* MagicalRecord+ShorthandSupport.m */ = {isa = PBXFileReference; fileEncoding = 4; lastKnownFileType = sourcecode.c.objc; path = "MagicalRecord+ShorthandSupport.m"; sourceTree = "<group>"; };
		0EDF4A7E18A0E5EB00703725 /* MagicalRecord.h */ = {isa = PBXFileReference; fileEncoding = 4; lastKnownFileType = sourcecode.c.h; path = MagicalRecord.h; sourceTree = "<group>"; };
		0EDF4A7F18A0E5EB00703725 /* MagicalRecord.m */ = {isa = PBXFileReference; fileEncoding = 4; lastKnownFileType = sourcecode.c.objc; path = MagicalRecord.m; sourceTree = "<group>"; };
		0EDF4A8018A0E5EB00703725 /* MagicalRecordShorthand.h */ = {isa = PBXFileReference; fileEncoding = 4; lastKnownFileType = sourcecode.c.h; path = MagicalRecordShorthand.h; sourceTree = "<group>"; };
		0EDF4A8118A0E5EB00703725 /* CoreData+MagicalRecord.h */ = {isa = PBXFileReference; fileEncoding = 4; lastKnownFileType = sourcecode.c.h; path = "CoreData+MagicalRecord.h"; sourceTree = "<group>"; };
		0EDF4A8218A0E5EB00703725 /* MagicalRecordVersion.h */ = {isa = PBXFileReference; fileEncoding = 4; lastKnownFileType = sourcecode.c.h; path = MagicalRecordVersion.h; sourceTree = "<group>"; };
		0EDF4A9D18A0E6CB00703725 /* Cafe.h */ = {isa = PBXFileReference; fileEncoding = 4; lastKnownFileType = sourcecode.c.h; path = Cafe.h; sourceTree = "<group>"; };
		0EDF4A9E18A0E6CB00703725 /* Cafe.m */ = {isa = PBXFileReference; fileEncoding = 4; lastKnownFileType = sourcecode.c.objc; path = Cafe.m; sourceTree = "<group>"; };
		0EDF4AA118A1045400703725 /* stampDataModel.xcdatamodel */ = {isa = PBXFileReference; lastKnownFileType = wrapper.xcdatamodel; path = stampDataModel.xcdatamodel; sourceTree = "<group>"; };
		0EDF4AA318A104D000703725 /* Stamp.h */ = {isa = PBXFileReference; fileEncoding = 4; lastKnownFileType = sourcecode.c.h; path = Stamp.h; sourceTree = "<group>"; };
		0EDF4AA418A104D000703725 /* Stamp.m */ = {isa = PBXFileReference; fileEncoding = 4; lastKnownFileType = sourcecode.c.objc; path = Stamp.m; sourceTree = "<group>"; };
/* End PBXFileReference section */

/* Begin PBXFrameworksBuildPhase section */
		0EBC7630189BC6B90033CD64 /* Frameworks */ = {
			isa = PBXFrameworksBuildPhase;
			buildActionMask = 2147483647;
			files = (
				0E3F1057189E80070094FFE0 /* CoreData.framework in Frameworks */,
				0EBC7639189BC6B90033CD64 /* CoreGraphics.framework in Frameworks */,
				0EBC763B189BC6B90033CD64 /* UIKit.framework in Frameworks */,
				0EBC7637189BC6B90033CD64 /* Foundation.framework in Frameworks */,
			);
			runOnlyForDeploymentPostprocessing = 0;
		};
		0EBC7654189BC6B90033CD64 /* Frameworks */ = {
			isa = PBXFrameworksBuildPhase;
			buildActionMask = 2147483647;
			files = (
				0EBC7659189BC6B90033CD64 /* XCTest.framework in Frameworks */,
				0EBC765B189BC6B90033CD64 /* UIKit.framework in Frameworks */,
				0EBC765A189BC6B90033CD64 /* Foundation.framework in Frameworks */,
			);
			runOnlyForDeploymentPostprocessing = 0;
		};
/* End PBXFrameworksBuildPhase section */

/* Begin PBXGroup section */
		0EBC762A189BC6B90033CD64 = {
			isa = PBXGroup;
			children = (
				0EDF4A4618A0E5EB00703725 /* MagicalRecord */,
				0EBC763C189BC6B90033CD64 /* loyalTea */,
				0EBC765E189BC6B90033CD64 /* loyalTeaTests */,
				0EBC7635189BC6B90033CD64 /* Frameworks */,
				0EBC7634189BC6B90033CD64 /* Products */,
			);
			sourceTree = "<group>";
		};
		0EBC7634189BC6B90033CD64 /* Products */ = {
			isa = PBXGroup;
			children = (
				0EBC7633189BC6B90033CD64 /* loyalTea.app */,
				0EBC7657189BC6B90033CD64 /* loyalTeaTests.xctest */,
			);
			name = Products;
			sourceTree = "<group>";
		};
		0EBC7635189BC6B90033CD64 /* Frameworks */ = {
			isa = PBXGroup;
			children = (
				0E3F1056189E80070094FFE0 /* CoreData.framework */,
				0EBC7636189BC6B90033CD64 /* Foundation.framework */,
				0EBC7638189BC6B90033CD64 /* CoreGraphics.framework */,
				0EBC763A189BC6B90033CD64 /* UIKit.framework */,
				0EBC7658189BC6B90033CD64 /* XCTest.framework */,
			);
			name = Frameworks;
			sourceTree = "<group>";
		};
		0EBC763C189BC6B90033CD64 /* loyalTea */ = {
			isa = PBXGroup;
			children = (
				0E3F105C189E82A00094FFE0 /* starbucks.jpeg */,
				0E3F105A189E829A0094FFE0 /* cafeNero.jpeg */,
				0E3F1058189E82950094FFE0 /* costa.jpeg */,
				0E3F1047189E4CA60094FFE0 /* b.png */,
				0E3F1048189E4CA60094FFE0 /* c.png */,
				0E3F1049189E4CA60094FFE0 /* a.png */,
				0EBC766E189BD61E0033CD64 /* stamp_3.jpg */,
				0EBC7645189BC6B90033CD64 /* taoAppDelegate.h */,
				0EBC7646189BC6B90033CD64 /* taoAppDelegate.m */,
				0EDF4AA018A1045400703725 /* stampDataModel.xcdatamodeld */,
				0EDF4AA318A104D000703725 /* Stamp.h */,
				0EDF4AA418A104D000703725 /* Stamp.m */,
				0EBC7648189BC6B90033CD64 /* Main_iPhone.storyboard */,
				0E3F1050189E74430094FFE0 /* stampViewController.h */,
				0E3F1051189E74430094FFE0 /* stampViewController.m */,
				0E3F104D189E52290094FFE0 /* detailViewController.h */,
				0E3F104E189E52290094FFE0 /* detailViewController.m */,
				0EBC7670189BDAEF0033CD64 /* CafeViewController.h */,
				0EBC7671189BDAEF0033CD64 /* CafeViewController.m */,
				0EBC764B189BC6B90033CD64 /* Main_iPad.storyboard */,
				0EBC7651189BC6B90033CD64 /* Images.xcassets */,
				0EBC763D189BC6B90033CD64 /* Supporting Files */,
				0E3F1053189E7EC70094FFE0 /* cafeDataModel.xcdatamodeld */,
				0EDF4A9D18A0E6CB00703725 /* Cafe.h */,
				0EDF4A9E18A0E6CB00703725 /* Cafe.m */,
			);
			path = loyalTea;
			sourceTree = "<group>";
		};
		0EBC763D189BC6B90033CD64 /* Supporting Files */ = {
			isa = PBXGroup;
			children = (
				0EBC763E189BC6B90033CD64 /* loyalTea-Info.plist */,
				0EBC763F189BC6B90033CD64 /* InfoPlist.strings */,
				0EBC7642189BC6B90033CD64 /* main.m */,
				0EBC7644189BC6B90033CD64 /* loyalTea-Prefix.pch */,
			);
			name = "Supporting Files";
			sourceTree = "<group>";
		};
		0EBC765E189BC6B90033CD64 /* loyalTeaTests */ = {
			isa = PBXGroup;
			children = (
				0EBC7664189BC6B90033CD64 /* loyalTeaTests.m */,
				0EBC765F189BC6B90033CD64 /* Supporting Files */,
			);
			path = loyalTeaTests;
			sourceTree = "<group>";
		};
		0EBC765F189BC6B90033CD64 /* Supporting Files */ = {
			isa = PBXGroup;
			children = (
				0EBC7660189BC6B90033CD64 /* loyalTeaTests-Info.plist */,
				0EBC7661189BC6B90033CD64 /* InfoPlist.strings */,
			);
			name = "Supporting Files";
			sourceTree = "<group>";
		};
		0EDF4A4618A0E5EB00703725 /* MagicalRecord */ = {
			isa = PBXGroup;
			children = (
				0EDF4A4718A0E5EB00703725 /* Categories */,
				0EDF4A7118A0E5EB00703725 /* Core */,
				0EDF4A8118A0E5EB00703725 /* CoreData+MagicalRecord.h */,
				0EDF4A8218A0E5EB00703725 /* MagicalRecordVersion.h */,
			);
			path = MagicalRecord;
			sourceTree = "<group>";
		};
		0EDF4A4718A0E5EB00703725 /* Categories */ = {
			isa = PBXGroup;
			children = (
				0EDF4A4818A0E5EB00703725 /* DataImport */,
				0EDF4A5718A0E5EB00703725 /* NSManagedObject */,
				0EDF4A6218A0E5EB00703725 /* NSManagedObjectContext */,
				0EDF4A6B18A0E5EB00703725 /* NSManagedObjectModel+MagicalRecord.h */,
				0EDF4A6C18A0E5EB00703725 /* NSManagedObjectModel+MagicalRecord.m */,
				0EDF4A6D18A0E5EB00703725 /* NSPersistentStore+MagicalRecord.h */,
				0EDF4A6E18A0E5EB00703725 /* NSPersistentStore+MagicalRecord.m */,
				0EDF4A6F18A0E5EB00703725 /* NSPersistentStoreCoordinator+MagicalRecord.h */,
				0EDF4A7018A0E5EB00703725 /* NSPersistentStoreCoordinator+MagicalRecord.m */,
			);
			path = Categories;
			sourceTree = "<group>";
		};
		0EDF4A4818A0E5EB00703725 /* DataImport */ = {
			isa = PBXGroup;
			children = (
				0EDF4A4918A0E5EB00703725 /* MagicalImportFunctions.h */,
				0EDF4A4A18A0E5EB00703725 /* MagicalImportFunctions.m */,
				0EDF4A4B18A0E5EB00703725 /* NSAttributeDescription+MagicalDataImport.h */,
				0EDF4A4C18A0E5EB00703725 /* NSAttributeDescription+MagicalDataImport.m */,
				0EDF4A4D18A0E5EB00703725 /* NSEntityDescription+MagicalDataImport.h */,
				0EDF4A4E18A0E5EB00703725 /* NSEntityDescription+MagicalDataImport.m */,
				0EDF4A4F18A0E5EB00703725 /* NSNumber+MagicalDataImport.h */,
				0EDF4A5018A0E5EB00703725 /* NSNumber+MagicalDataImport.m */,
				0EDF4A5118A0E5EB00703725 /* NSObject+MagicalDataImport.h */,
				0EDF4A5218A0E5EB00703725 /* NSObject+MagicalDataImport.m */,
				0EDF4A5318A0E5EB00703725 /* NSRelationshipDescription+MagicalDataImport.h */,
				0EDF4A5418A0E5EB00703725 /* NSRelationshipDescription+MagicalDataImport.m */,
				0EDF4A5518A0E5EB00703725 /* NSString+MagicalDataImport.h */,
				0EDF4A5618A0E5EB00703725 /* NSString+MagicalDataImport.m */,
			);
			path = DataImport;
			sourceTree = "<group>";
		};
		0EDF4A5718A0E5EB00703725 /* NSManagedObject */ = {
			isa = PBXGroup;
			children = (
				0EDF4A5818A0E5EB00703725 /* NSManagedObject+MagicalAggregation.h */,
				0EDF4A5918A0E5EB00703725 /* NSManagedObject+MagicalAggregation.m */,
				0EDF4A5A18A0E5EB00703725 /* NSManagedObject+MagicalDataImport.h */,
				0EDF4A5B18A0E5EB00703725 /* NSManagedObject+MagicalDataImport.m */,
				0EDF4A5C18A0E5EB00703725 /* NSManagedObject+MagicalFinders.h */,
				0EDF4A5D18A0E5EB00703725 /* NSManagedObject+MagicalFinders.m */,
				0EDF4A5E18A0E5EB00703725 /* NSManagedObject+MagicalRecord.h */,
				0EDF4A5F18A0E5EB00703725 /* NSManagedObject+MagicalRecord.m */,
				0EDF4A6018A0E5EB00703725 /* NSManagedObject+MagicalRequests.h */,
				0EDF4A6118A0E5EB00703725 /* NSManagedObject+MagicalRequests.m */,
			);
			path = NSManagedObject;
			sourceTree = "<group>";
		};
		0EDF4A6218A0E5EB00703725 /* NSManagedObjectContext */ = {
			isa = PBXGroup;
			children = (
				0EDF4A6318A0E5EB00703725 /* NSManagedObjectContext+MagicalObserving.h */,
				0EDF4A6418A0E5EB00703725 /* NSManagedObjectContext+MagicalObserving.m */,
				0EDF4A6518A0E5EB00703725 /* NSManagedObjectContext+MagicalRecord.h */,
				0EDF4A6618A0E5EB00703725 /* NSManagedObjectContext+MagicalRecord.m */,
				0EDF4A6718A0E5EB00703725 /* NSManagedObjectContext+MagicalSaves.h */,
				0EDF4A6818A0E5EB00703725 /* NSManagedObjectContext+MagicalSaves.m */,
				0EDF4A6918A0E5EB00703725 /* NSManagedObjectContext+MagicalThreading.h */,
				0EDF4A6A18A0E5EB00703725 /* NSManagedObjectContext+MagicalThreading.m */,
			);
			path = NSManagedObjectContext;
			sourceTree = "<group>";
		};
		0EDF4A7118A0E5EB00703725 /* Core */ = {
			isa = PBXGroup;
			children = (
				0EDF4A7218A0E5EB00703725 /* MagicalRecord+Actions.h */,
				0EDF4A7318A0E5EB00703725 /* MagicalRecord+Actions.m */,
				0EDF4A7418A0E5EB00703725 /* MagicalRecord+ErrorHandling.h */,
				0EDF4A7518A0E5EB00703725 /* MagicalRecord+ErrorHandling.m */,
				0EDF4A7618A0E5EB00703725 /* MagicalRecord+iCloud.h */,
				0EDF4A7718A0E5EB00703725 /* MagicalRecord+iCloud.m */,
				0EDF4A7818A0E5EB00703725 /* MagicalRecord+Options.h */,
				0EDF4A7918A0E5EB00703725 /* MagicalRecord+Options.m */,
				0EDF4A7A18A0E5EB00703725 /* MagicalRecord+Setup.h */,
				0EDF4A7B18A0E5EB00703725 /* MagicalRecord+Setup.m */,
				0EDF4A7C18A0E5EB00703725 /* MagicalRecord+ShorthandSupport.h */,
				0EDF4A7D18A0E5EB00703725 /* MagicalRecord+ShorthandSupport.m */,
				0EDF4A7E18A0E5EB00703725 /* MagicalRecord.h */,
				0EDF4A7F18A0E5EB00703725 /* MagicalRecord.m */,
				0EDF4A8018A0E5EB00703725 /* MagicalRecordShorthand.h */,
			);
			path = Core;
			sourceTree = "<group>";
		};
/* End PBXGroup section */

/* Begin PBXNativeTarget section */
		0EBC7632189BC6B90033CD64 /* loyalTea */ = {
			isa = PBXNativeTarget;
			buildConfigurationList = 0EBC7668189BC6B90033CD64 /* Build configuration list for PBXNativeTarget "loyalTea" */;
			buildPhases = (
				0EBC762F189BC6B90033CD64 /* Sources */,
				0EBC7630189BC6B90033CD64 /* Frameworks */,
				0EBC7631189BC6B90033CD64 /* Resources */,
			);
			buildRules = (
			);
			dependencies = (
			);
			name = loyalTea;
			productName = loyalTea;
			productReference = 0EBC7633189BC6B90033CD64 /* loyalTea.app */;
			productType = "com.apple.product-type.application";
		};
		0EBC7656189BC6B90033CD64 /* loyalTeaTests */ = {
			isa = PBXNativeTarget;
			buildConfigurationList = 0EBC766B189BC6B90033CD64 /* Build configuration list for PBXNativeTarget "loyalTeaTests" */;
			buildPhases = (
				0EBC7653189BC6B90033CD64 /* Sources */,
				0EBC7654189BC6B90033CD64 /* Frameworks */,
				0EBC7655189BC6B90033CD64 /* Resources */,
			);
			buildRules = (
			);
			dependencies = (
				0EBC765D189BC6B90033CD64 /* PBXTargetDependency */,
			);
			name = loyalTeaTests;
			productName = loyalTeaTests;
			productReference = 0EBC7657189BC6B90033CD64 /* loyalTeaTests.xctest */;
			productType = "com.apple.product-type.bundle.unit-test";
		};
/* End PBXNativeTarget section */

/* Begin PBXProject section */
		0EBC762B189BC6B90033CD64 /* Project object */ = {
			isa = PBXProject;
			attributes = {
				CLASSPREFIX = tao;
				LastUpgradeCheck = 0500;
				ORGANIZATIONNAME = TandO;
				TargetAttributes = {
					0EBC7656189BC6B90033CD64 = {
						TestTargetID = 0EBC7632189BC6B90033CD64;
					};
				};
			};
			buildConfigurationList = 0EBC762E189BC6B90033CD64 /* Build configuration list for PBXProject "loyalTea" */;
			compatibilityVersion = "Xcode 3.2";
			developmentRegion = English;
			hasScannedForEncodings = 0;
			knownRegions = (
				en,
				Base,
			);
			mainGroup = 0EBC762A189BC6B90033CD64;
			productRefGroup = 0EBC7634189BC6B90033CD64 /* Products */;
			projectDirPath = "";
			projectRoot = "";
			targets = (
				0EBC7632189BC6B90033CD64 /* loyalTea */,
				0EBC7656189BC6B90033CD64 /* loyalTeaTests */,
			);
		};
/* End PBXProject section */

/* Begin PBXResourcesBuildPhase section */
		0EBC7631189BC6B90033CD64 /* Resources */ = {
			isa = PBXResourcesBuildPhase;
			buildActionMask = 2147483647;
			files = (
				0E3F104A189E4CA60094FFE0 /* b.png in Resources */,
				0E3F104C189E4CA60094FFE0 /* a.png in Resources */,
				0EBC764D189BC6B90033CD64 /* Main_iPad.storyboard in Resources */,
				0E3F104B189E4CA60094FFE0 /* c.png in Resources */,
				0EBC7652189BC6B90033CD64 /* Images.xcassets in Resources */,
				0EBC764A189BC6B90033CD64 /* Main_iPhone.storyboard in Resources */,
				0E3F105D189E82A00094FFE0 /* starbucks.jpeg in Resources */,
				0E3F1059189E82950094FFE0 /* costa.jpeg in Resources */,
				0EBC766F189BD61E0033CD64 /* stamp_3.jpg in Resources */,
				0E3F105B189E829A0094FFE0 /* cafeNero.jpeg in Resources */,
				0EBC7641189BC6B90033CD64 /* InfoPlist.strings in Resources */,
			);
			runOnlyForDeploymentPostprocessing = 0;
		};
		0EBC7655189BC6B90033CD64 /* Resources */ = {
			isa = PBXResourcesBuildPhase;
			buildActionMask = 2147483647;
			files = (
				0EBC7663189BC6B90033CD64 /* InfoPlist.strings in Resources */,
			);
			runOnlyForDeploymentPostprocessing = 0;
		};
/* End PBXResourcesBuildPhase section */

/* Begin PBXSourcesBuildPhase section */
		0EBC762F189BC6B90033CD64 /* Sources */ = {
			isa = PBXSourcesBuildPhase;
			buildActionMask = 2147483647;
			files = (
				0EDF4A9618A0E5EB00703725 /* MagicalRecord+Actions.m in Sources */,
				0EDF4A9918A0E5EB00703725 /* MagicalRecord+Options.m in Sources */,
				0EDF4A9418A0E5EB00703725 /* NSPersistentStore+MagicalRecord.m in Sources */,
				0EDF4AA518A104D000703725 /* Stamp.m in Sources */,
				0EBC7643189BC6B90033CD64 /* main.m in Sources */,
				0EDF4A9818A0E5EB00703725 /* MagicalRecord+iCloud.m in Sources */,
				0EDF4A8518A0E5EB00703725 /* NSEntityDescription+MagicalDataImport.m in Sources */,
				0EBC7672189BDAEF0033CD64 /* CafeViewController.m in Sources */,
				0EBC7647189BC6B90033CD64 /* taoAppDelegate.m in Sources */,
				0EDF4A8918A0E5EB00703725 /* NSString+MagicalDataImport.m in Sources */,
				0EDF4A9218A0E5EB00703725 /* NSManagedObjectContext+MagicalThreading.m in Sources */,
				0EDF4A8F18A0E5EB00703725 /* NSManagedObjectContext+MagicalObserving.m in Sources */,
				0EDF4A8718A0E5EB00703725 /* NSObject+MagicalDataImport.m in Sources */,
				0E3F1052189E74430094FFE0 /* stampViewController.m in Sources */,
				0EDF4AA218A1045400703725 /* stampDataModel.xcdatamodeld in Sources */,
				0EDF4A9F18A0E6CB00703725 /* Cafe.m in Sources */,
				0EDF4A8318A0E5EB00703725 /* MagicalImportFunctions.m in Sources */,
				0EDF4A8D18A0E5EB00703725 /* NSManagedObject+MagicalRecord.m in Sources */,
				0EDF4A9118A0E5EB00703725 /* NSManagedObjectContext+MagicalSaves.m in Sources */,
				0EDF4A9718A0E5EB00703725 /* MagicalRecord+ErrorHandling.m in Sources */,
				0EDF4A9518A0E5EB00703725 /* NSPersistentStoreCoordinator+MagicalRecord.m in Sources */,
				0EDF4A8B18A0E5EB00703725 /* NSManagedObject+MagicalDataImport.m in Sources */,
				0EDF4A9018A0E5EB00703725 /* NSManagedObjectContext+MagicalRecord.m in Sources */,
				0EDF4A8A18A0E5EB00703725 /* NSManagedObject+MagicalAggregation.m in Sources */,
				0EDF4A9B18A0E5EB00703725 /* MagicalRecord+ShorthandSupport.m in Sources */,
				0EDF4A8E18A0E5EB00703725 /* NSManagedObject+MagicalRequests.m in Sources */,
				0EDF4A8418A0E5EB00703725 /* NSAttributeDescription+MagicalDataImport.m in Sources */,
				0EDF4A9C18A0E5EB00703725 /* MagicalRecord.m in Sources */,
				0E3F104F189E52290094FFE0 /* detailViewController.m in Sources */,
				0EDF4A9A18A0E5EB00703725 /* MagicalRecord+Setup.m in Sources */,
				0EDF4A8818A0E5EB00703725 /* NSRelationshipDescription+MagicalDataImport.m in Sources */,
				0E3F1055189E7EC70094FFE0 /* cafeDataModel.xcdatamodeld in Sources */,
				0EDF4A9318A0E5EB00703725 /* NSManagedObjectModel+MagicalRecord.m in Sources */,
				0EDF4A8618A0E5EB00703725 /* NSNumber+MagicalDataImport.m in Sources */,
				0EDF4A8C18A0E5EB00703725 /* NSManagedObject+MagicalFinders.m in Sources */,
			);
			runOnlyForDeploymentPostprocessing = 0;
		};
		0EBC7653189BC6B90033CD64 /* Sources */ = {
			isa = PBXSourcesBuildPhase;
			buildActionMask = 2147483647;
			files = (
				0EBC7665189BC6B90033CD64 /* loyalTeaTests.m in Sources */,
			);
			runOnlyForDeploymentPostprocessing = 0;
		};
/* End PBXSourcesBuildPhase section */

/* Begin PBXTargetDependency section */
		0EBC765D189BC6B90033CD64 /* PBXTargetDependency */ = {
			isa = PBXTargetDependency;
			target = 0EBC7632189BC6B90033CD64 /* loyalTea */;
			targetProxy = 0EBC765C189BC6B90033CD64 /* PBXContainerItemProxy */;
		};
/* End PBXTargetDependency section */

/* Begin PBXVariantGroup section */
		0EBC763F189BC6B90033CD64 /* InfoPlist.strings */ = {
			isa = PBXVariantGroup;
			children = (
				0EBC7640189BC6B90033CD64 /* en */,
			);
			name = InfoPlist.strings;
			sourceTree = "<group>";
		};
		0EBC7648189BC6B90033CD64 /* Main_iPhone.storyboard */ = {
			isa = PBXVariantGroup;
			children = (
				0EBC7649189BC6B90033CD64 /* Base */,
			);
			name = Main_iPhone.storyboard;
			sourceTree = "<group>";
		};
		0EBC764B189BC6B90033CD64 /* Main_iPad.storyboard */ = {
			isa = PBXVariantGroup;
			children = (
				0EBC764C189BC6B90033CD64 /* Base */,
			);
			name = Main_iPad.storyboard;
			sourceTree = "<group>";
		};
		0EBC7661189BC6B90033CD64 /* InfoPlist.strings */ = {
			isa = PBXVariantGroup;
			children = (
				0EBC7662189BC6B90033CD64 /* en */,
			);
			name = InfoPlist.strings;
			sourceTree = "<group>";
		};
/* End PBXVariantGroup section */

/* Begin XCBuildConfiguration section */
		0EBC7666189BC6B90033CD64 /* Debug */ = {
			isa = XCBuildConfiguration;
			buildSettings = {
				ALWAYS_SEARCH_USER_PATHS = NO;
				ARCHS = "$(ARCHS_STANDARD_INCLUDING_64_BIT)";
				CLANG_CXX_LANGUAGE_STANDARD = "gnu++0x";
				CLANG_CXX_LIBRARY = "libc++";
				CLANG_ENABLE_MODULES = YES;
				CLANG_ENABLE_OBJC_ARC = YES;
				CLANG_WARN_BOOL_CONVERSION = YES;
				CLANG_WARN_CONSTANT_CONVERSION = YES;
				CLANG_WARN_DIRECT_OBJC_ISA_USAGE = YES_ERROR;
				CLANG_WARN_EMPTY_BODY = YES;
				CLANG_WARN_ENUM_CONVERSION = YES;
				CLANG_WARN_INT_CONVERSION = YES;
				CLANG_WARN_OBJC_ROOT_CLASS = YES_ERROR;
				CLANG_WARN__DUPLICATE_METHOD_MATCH = YES;
				"CODE_SIGN_IDENTITY[sdk=iphoneos*]" = "iPhone Developer";
				COPY_PHASE_STRIP = NO;
				GCC_C_LANGUAGE_STANDARD = gnu99;
				GCC_DYNAMIC_NO_PIC = NO;
				GCC_OPTIMIZATION_LEVEL = 0;
				GCC_PREPROCESSOR_DEFINITIONS = (
					"DEBUG=1",
					"$(inherited)",
				);
				GCC_SYMBOLS_PRIVATE_EXTERN = NO;
				GCC_WARN_64_TO_32_BIT_CONVERSION = YES;
				GCC_WARN_ABOUT_RETURN_TYPE = YES_ERROR;
				GCC_WARN_UNDECLARED_SELECTOR = YES;
				GCC_WARN_UNINITIALIZED_AUTOS = YES;
				GCC_WARN_UNUSED_FUNCTION = YES;
				GCC_WARN_UNUSED_VARIABLE = YES;
				IPHONEOS_DEPLOYMENT_TARGET = 7.0;
				ONLY_ACTIVE_ARCH = YES;
				SDKROOT = iphoneos;
				TARGETED_DEVICE_FAMILY = "1,2";
			};
			name = Debug;
		};
		0EBC7667189BC6B90033CD64 /* Release */ = {
			isa = XCBuildConfiguration;
			buildSettings = {
				ALWAYS_SEARCH_USER_PATHS = NO;
				ARCHS = "$(ARCHS_STANDARD_INCLUDING_64_BIT)";
				CLANG_CXX_LANGUAGE_STANDARD = "gnu++0x";
				CLANG_CXX_LIBRARY = "libc++";
				CLANG_ENABLE_MODULES = YES;
				CLANG_ENABLE_OBJC_ARC = YES;
				CLANG_WARN_BOOL_CONVERSION = YES;
				CLANG_WARN_CONSTANT_CONVERSION = YES;
				CLANG_WARN_DIRECT_OBJC_ISA_USAGE = YES_ERROR;
				CLANG_WARN_EMPTY_BODY = YES;
				CLANG_WARN_ENUM_CONVERSION = YES;
				CLANG_WARN_INT_CONVERSION = YES;
				CLANG_WARN_OBJC_ROOT_CLASS = YES_ERROR;
				CLANG_WARN__DUPLICATE_METHOD_MATCH = YES;
				"CODE_SIGN_IDENTITY[sdk=iphoneos*]" = "iPhone Developer";
				COPY_PHASE_STRIP = YES;
				ENABLE_NS_ASSERTIONS = NO;
				GCC_C_LANGUAGE_STANDARD = gnu99;
				GCC_WARN_64_TO_32_BIT_CONVERSION = YES;
				GCC_WARN_ABOUT_RETURN_TYPE = YES_ERROR;
				GCC_WARN_UNDECLARED_SELECTOR = YES;
				GCC_WARN_UNINITIALIZED_AUTOS = YES;
				GCC_WARN_UNUSED_FUNCTION = YES;
				GCC_WARN_UNUSED_VARIABLE = YES;
				IPHONEOS_DEPLOYMENT_TARGET = 7.0;
				SDKROOT = iphoneos;
				TARGETED_DEVICE_FAMILY = "1,2";
				VALIDATE_PRODUCT = YES;
			};
			name = Release;
		};
		0EBC7669189BC6B90033CD64 /* Debug */ = {
			isa = XCBuildConfiguration;
			buildSettings = {
				ASSETCATALOG_COMPILER_APPICON_NAME = AppIcon;
				ASSETCATALOG_COMPILER_LAUNCHIMAGE_NAME = LaunchImage;
				GCC_PRECOMPILE_PREFIX_HEADER = YES;
				GCC_PREFIX_HEADER = "loyalTea/loyalTea-Prefix.pch";
				INFOPLIST_FILE = "loyalTea/loyalTea-Info.plist";
				PRODUCT_NAME = "$(TARGET_NAME)";
				WRAPPER_EXTENSION = app;
			};
			name = Debug;
		};
		0EBC766A189BC6B90033CD64 /* Release */ = {
			isa = XCBuildConfiguration;
			buildSettings = {
				ASSETCATALOG_COMPILER_APPICON_NAME = AppIcon;
				ASSETCATALOG_COMPILER_LAUNCHIMAGE_NAME = LaunchImage;
				GCC_PRECOMPILE_PREFIX_HEADER = YES;
				GCC_PREFIX_HEADER = "loyalTea/loyalTea-Prefix.pch";
				INFOPLIST_FILE = "loyalTea/loyalTea-Info.plist";
				PRODUCT_NAME = "$(TARGET_NAME)";
				WRAPPER_EXTENSION = app;
			};
			name = Release;
		};
		0EBC766C189BC6B90033CD64 /* Debug */ = {
			isa = XCBuildConfiguration;
			buildSettings = {
				ARCHS = "$(ARCHS_STANDARD_INCLUDING_64_BIT)";
				BUNDLE_LOADER = "$(BUILT_PRODUCTS_DIR)/loyalTea.app/loyalTea";
				FRAMEWORK_SEARCH_PATHS = (
					"$(SDKROOT)/Developer/Library/Frameworks",
					"$(inherited)",
					"$(DEVELOPER_FRAMEWORKS_DIR)",
				);
				GCC_PRECOMPILE_PREFIX_HEADER = YES;
				GCC_PREFIX_HEADER = "loyalTea/loyalTea-Prefix.pch";
				GCC_PREPROCESSOR_DEFINITIONS = (
					"DEBUG=1",
					"$(inherited)",
				);
				INFOPLIST_FILE = "loyalTeaTests/loyalTeaTests-Info.plist";
				PRODUCT_NAME = "$(TARGET_NAME)";
				TEST_HOST = "$(BUNDLE_LOADER)";
				WRAPPER_EXTENSION = xctest;
			};
			name = Debug;
		};
		0EBC766D189BC6B90033CD64 /* Release */ = {
			isa = XCBuildConfiguration;
			buildSettings = {
				ARCHS = "$(ARCHS_STANDARD_INCLUDING_64_BIT)";
				BUNDLE_LOADER = "$(BUILT_PRODUCTS_DIR)/loyalTea.app/loyalTea";
				FRAMEWORK_SEARCH_PATHS = (
					"$(SDKROOT)/Developer/Library/Frameworks",
					"$(inherited)",
					"$(DEVELOPER_FRAMEWORKS_DIR)",
				);
				GCC_PRECOMPILE_PREFIX_HEADER = YES;
				GCC_PREFIX_HEADER = "loyalTea/loyalTea-Prefix.pch";
				INFOPLIST_FILE = "loyalTeaTests/loyalTeaTests-Info.plist";
				PRODUCT_NAME = "$(TARGET_NAME)";
				TEST_HOST = "$(BUNDLE_LOADER)";
				WRAPPER_EXTENSION = xctest;
			};
			name = Release;
		};
/* End XCBuildConfiguration section */

/* Begin XCConfigurationList section */
		0EBC762E189BC6B90033CD64 /* Build configuration list for PBXProject "loyalTea" */ = {
			isa = XCConfigurationList;
			buildConfigurations = (
				0EBC7666189BC6B90033CD64 /* Debug */,
				0EBC7667189BC6B90033CD64 /* Release */,
			);
			defaultConfigurationIsVisible = 0;
			defaultConfigurationName = Release;
		};
		0EBC7668189BC6B90033CD64 /* Build configuration list for PBXNativeTarget "loyalTea" */ = {
			isa = XCConfigurationList;
			buildConfigurations = (
				0EBC7669189BC6B90033CD64 /* Debug */,
				0EBC766A189BC6B90033CD64 /* Release */,
			);
			defaultConfigurationIsVisible = 0;
			defaultConfigurationName = Release;
		};
		0EBC766B189BC6B90033CD64 /* Build configuration list for PBXNativeTarget "loyalTeaTests" */ = {
			isa = XCConfigurationList;
			buildConfigurations = (
				0EBC766C189BC6B90033CD64 /* Debug */,
				0EBC766D189BC6B90033CD64 /* Release */,
			);
			defaultConfigurationIsVisible = 0;
			defaultConfigurationName = Release;
		};
/* End XCConfigurationList section */

/* Begin XCVersionGroup section */
		0E3F1053189E7EC70094FFE0 /* cafeDataModel.xcdatamodeld */ = {
			isa = XCVersionGroup;
			children = (
				0E3F1054189E7EC70094FFE0 /* cafeDataModel.xcdatamodel */,
			);
			currentVersion = 0E3F1054189E7EC70094FFE0 /* cafeDataModel.xcdatamodel */;
			path = cafeDataModel.xcdatamodeld;
			sourceTree = "<group>";
			versionGroupType = wrapper.xcdatamodel;
		};
		0EDF4AA018A1045400703725 /* stampDataModel.xcdatamodeld */ = {
			isa = XCVersionGroup;
			children = (
				0EDF4AA118A1045400703725 /* stampDataModel.xcdatamodel */,
			);
			currentVersion = 0EDF4AA118A1045400703725 /* stampDataModel.xcdatamodel */;
			path = stampDataModel.xcdatamodeld;
			sourceTree = "<group>";
			versionGroupType = wrapper.xcdatamodel;
		};
/* End XCVersionGroup section */
	};
	rootObject = 0EBC762B189BC6B90033CD64 /* Project object */;
}
